
Microsoft Visual Studio Solution File, Format Version 12.00
# Visual Studio Version 17
VisualStudioVersion = 17.5.002.0
MinimumVisualStudioVersion = 10.0.40219.1
Project("{2150E333-8FDC-42A3-9474-1A3956D46DE8}") = "csharp-prep", "csharp-prep", "{E987450E-3C7A-4A53-98A7-3F2E844A5C67}"
EndProject
Project("{9A19103F-16F7-4668-BE54-9A1E7A4F7556}") = "Prep1", "csharp-prep\Prep1\Prep1.csproj", "{FDDC2288-B5F1-4C04-A4AB-FC6AC094D970}"
EndProject
Project("{9A19103F-16F7-4668-BE54-9A1E7A4F7556}") = "Prep2", "csharp-prep\Prep2\Prep2.csproj", "{65B4134E-161E-41EB-B9CB-4CBFE94E6DF4}"
EndProject
Project("{9A19103F-16F7-4668-BE54-9A1E7A4F7556}") = "Prep3", "csharp-prep\Prep3\Prep3.csproj", "{2E50722D-A2D1-4053-95C1-B15E53AF7B7F}"
EndProject
Project("{9A19103F-16F7-4668-BE54-9A1E7A4F7556}") = "Prep4", "csharp-prep\Prep4\Prep4.csproj", "{79EE3564-6F7A-4C72-8960-B138A1C2DABC}"
EndProject
Project("{9A19103F-16F7-4668-BE54-9A1E7A4F7556}") = "Prep5", "csharp-prep\Prep5\Prep5.csproj", "{B49AAC66-F164-4A9F-B8F5-444EF6011EB4}"
EndProject
Project("{2150E333-8FDC-42A3-9474-1A3956D46DE8}") = "final", "final", "{61B4162A-FF43-4D7A-8264-80EE0B3487A7}"
EndProject
Project("{9A19103F-16F7-4668-BE54-9A1E7A4F7556}") = "FinalProject", "final\FinalProject\FinalProject.csproj", "{F691D293-C5BF-471A-8D84-954C658678EA}"
EndProject
Project("{9A19103F-16F7-4668-BE54-9A1E7A4F7556}") = "Foundation1", "final\Foundation1\Foundation1.csproj", "{FFA31B84-35D8-421A-9C53-2D1ADCA468CC}"
EndProject
Project("{9A19103F-16F7-4668-BE54-9A1E7A4F7556}") = "Foundation2", "final\Foundation2\Foundation2.csproj", "{1CB4DF48-3224-4448-8793-B48B31DF4C63}"
EndProject
Project("{9A19103F-16F7-4668-BE54-9A1E7A4F7556}") = "Foundation3", "final\Foundation3\Foundation3.csproj", "{8298D691-BB2E-4413-B7F6-1930A578981A}"
EndProject
Project("{9A19103F-16F7-4668-BE54-9A1E7A4F7556}") = "Foundation4", "final\Foundation4\Foundation4.csproj", "{633C1F53-4D9D-422E-BD3A-31DCF0F5DCCD}"
EndProject
Project("{2150E333-8FDC-42A3-9474-1A3956D46DE8}") = "prepare", "prepare", "{74EC0E8A-9613-4833-AD0B-0EDAABC6C37B}"
EndProject
Project("{9A19103F-16F7-4668-BE54-9A1E7A4F7556}") = "Learning02", "prepare\Learning02\Learning02.csproj", "{F685C12E-23F3-4937-99D7-6DB7DDF5D666}"
EndProject
Project("{9A19103F-16F7-4668-BE54-9A1E7A4F7556}") = "Learning03", "prepare\Learning03\Learning03.csproj", "{06D5343E-2181-45B1-A101-16A974DBFF12}"
EndProject
Project("{9A19103F-16F7-4668-BE54-9A1E7A4F7556}") = "Learning04", "prepare\Learning04\Learning04.csproj", "{7B8C20BF-371A-44DE-BACF-432797BB06DC}"
EndProject
Project("{9A19103F-16F7-4668-BE54-9A1E7A4F7556}") = "Learning05", "prepare\Learning05\Learning05.csproj", "{ED2595C4-0C1D-41CE-97C2-6447ACCB768C}"
EndProject
Project("{2150E333-8FDC-42A3-9474-1A3956D46DE8}") = "prove", "prove", "{6218EB0C-54FE-4DBD-96F4-180F2F74693D}"
EndProject
Project("{9A19103F-16F7-4668-BE54-9A1E7A4F7556}") = "Develop02", "prove\Develop02\Develop02.csproj", "{0465E4FE-808C-47D9-84AE-534C8D9E3270}"
EndProject
Project("{9A19103F-16F7-4668-BE54-9A1E7A4F7556}") = "Develop03", "prove\Develop03\Develop03.csproj", "{C332FFA3-59C4-4FAA-97FA-27DFE2E1ECC6}"
EndProject
Project("{9A19103F-16F7-4668-BE54-9A1E7A4F7556}") = "Develop04", "prove\Develop04\Develop04.csproj", "{557C21DA-B657-4E14-8925-4FD2C0BA1C71}"
EndProject
Project("{9A19103F-16F7-4668-BE54-9A1E7A4F7556}") = "Develop05", "prove\Develop05\Develop05.csproj", "{1E3B8C6C-86A2-4527-B9EA-EBE3CDA81187}"
EndProject
Project("{2150E333-8FDC-42A3-9474-1A3956D46DE8}") = "sandbox", "sandbox", "{023AE5C2-4DFB-4474-BD48-B2B2389D0337}"
EndProject
Project("{9A19103F-16F7-4668-BE54-9A1E7A4F7556}") = "Sandbox", "sandbox\Sandbox\Sandbox.csproj", "{F60D91E7-C89D-4979-A1A9-277A8BEBE580}"
EndProject
Global
	GlobalSection(SolutionConfigurationPlatforms) = preSolution
		Debug|Any CPU = Debug|Any CPU
		Release|Any CPU = Release|Any CPU
	EndGlobalSection
	GlobalSection(ProjectConfigurationPlatforms) = postSolution
		{FDDC2288-B5F1-4C04-A4AB-FC6AC094D970}.Debug|Any CPU.ActiveCfg = Debug|Any CPU
		{FDDC2288-B5F1-4C04-A4AB-FC6AC094D970}.Debug|Any CPU.Build.0 = Debug|Any CPU
		{FDDC2288-B5F1-4C04-A4AB-FC6AC094D970}.Release|Any CPU.ActiveCfg = Release|Any CPU
		{FDDC2288-B5F1-4C04-A4AB-FC6AC094D970}.Release|Any CPU.Build.0 = Release|Any CPU
		{65B4134E-161E-41EB-B9CB-4CBFE94E6DF4}.Debug|Any CPU.ActiveCfg = Debug|Any CPU
		{65B4134E-161E-41EB-B9CB-4CBFE94E6DF4}.Debug|Any CPU.Build.0 = Debug|Any CPU
		{65B4134E-161E-41EB-B9CB-4CBFE94E6DF4}.Release|Any CPU.ActiveCfg = Release|Any CPU
		{65B4134E-161E-41EB-B9CB-4CBFE94E6DF4}.Release|Any CPU.Build.0 = Release|Any CPU
		{2E50722D-A2D1-4053-95C1-B15E53AF7B7F}.Debug|Any CPU.ActiveCfg = Debug|Any CPU
		{2E50722D-A2D1-4053-95C1-B15E53AF7B7F}.Debug|Any CPU.Build.0 = Debug|Any CPU
		{2E50722D-A2D1-4053-95C1-B15E53AF7B7F}.Release|Any CPU.ActiveCfg = Release|Any CPU
		{2E50722D-A2D1-4053-95C1-B15E53AF7B7F}.Release|Any CPU.Build.0 = Release|Any CPU
		{79EE3564-6F7A-4C72-8960-B138A1C2DABC}.Debug|Any CPU.ActiveCfg = Debug|Any CPU
		{79EE3564-6F7A-4C72-8960-B138A1C2DABC}.Debug|Any CPU.Build.0 = Debug|Any CPU
		{79EE3564-6F7A-4C72-8960-B138A1C2DABC}.Release|Any CPU.ActiveCfg = Release|Any CPU
		{79EE3564-6F7A-4C72-8960-B138A1C2DABC}.Release|Any CPU.Build.0 = Release|Any CPU
		{B49AAC66-F164-4A9F-B8F5-444EF6011EB4}.Debug|Any CPU.ActiveCfg = Debug|Any CPU
		{B49AAC66-F164-4A9F-B8F5-444EF6011EB4}.Debug|Any CPU.Build.0 = Debug|Any CPU
		{B49AAC66-F164-4A9F-B8F5-444EF6011EB4}.Release|Any CPU.ActiveCfg = Release|Any CPU
		{B49AAC66-F164-4A9F-B8F5-444EF6011EB4}.Release|Any CPU.Build.0 = Release|Any CPU
		{F691D293-C5BF-471A-8D84-954C658678EA}.Debug|Any CPU.ActiveCfg = Debug|Any CPU
		{F691D293-C5BF-471A-8D84-954C658678EA}.Debug|Any CPU.Build.0 = Debug|Any CPU
		{F691D293-C5BF-471A-8D84-954C658678EA}.Release|Any CPU.ActiveCfg = Release|Any CPU
		{F691D293-C5BF-471A-8D84-954C658678EA}.Release|Any CPU.Build.0 = Release|Any CPU
		{FFA31B84-35D8-421A-9C53-2D1ADCA468CC}.Debug|Any CPU.ActiveCfg = Debug|Any CPU
		{FFA31B84-35D8-421A-9C53-2D1ADCA468CC}.Debug|Any CPU.Build.0 = Debug|Any CPU
		{FFA31B84-35D8-421A-9C53-2D1ADCA468CC}.Release|Any CPU.ActiveCfg = Release|Any CPU
		{FFA31B84-35D8-421A-9C53-2D1ADCA468CC}.Release|Any CPU.Build.0 = Release|Any CPU
		{1CB4DF48-3224-4448-8793-B48B31DF4C63}.Debug|Any CPU.ActiveCfg = Debug|Any CPU
		{1CB4DF48-3224-4448-8793-B48B31DF4C63}.Debug|Any CPU.Build.0 = Debug|Any CPU
		{1CB4DF48-3224-4448-8793-B48B31DF4C63}.Release|Any CPU.ActiveCfg = Release|Any CPU
		{1CB4DF48-3224-4448-8793-B48B31DF4C63}.Release|Any CPU.Build.0 = Release|Any CPU
		{8298D691-BB2E-4413-B7F6-1930A578981A}.Debug|Any CPU.ActiveCfg = Debug|Any CPU
		{8298D691-BB2E-4413-B7F6-1930A578981A}.Debug|Any CPU.Build.0 = Debug|Any CPU
		{8298D691-BB2E-4413-B7F6-1930A578981A}.Release|Any CPU.ActiveCfg = Release|Any CPU
		{8298D691-BB2E-4413-B7F6-1930A578981A}.Release|Any CPU.Build.0 = Release|Any CPU
		{633C1F53-4D9D-422E-BD3A-31DCF0F5DCCD}.Debug|Any CPU.ActiveCfg = Debug|Any CPU
		{633C1F53-4D9D-422E-BD3A-31DCF0F5DCCD}.Debug|Any CPU.Build.0 = Debug|Any CPU
		{633C1F53-4D9D-422E-BD3A-31DCF0F5DCCD}.Release|Any CPU.ActiveCfg = Release|Any CPU
		{633C1F53-4D9D-422E-BD3A-31DCF0F5DCCD}.Release|Any CPU.Build.0 = Release|Any CPU
		{F685C12E-23F3-4937-99D7-6DB7DDF5D666}.Debug|Any CPU.ActiveCfg = Debug|Any CPU
		{F685C12E-23F3-4937-99D7-6DB7DDF5D666}.Debug|Any CPU.Build.0 = Debug|Any CPU
		{F685C12E-23F3-4937-99D7-6DB7DDF5D666}.Release|Any CPU.ActiveCfg = Release|Any CPU
		{F685C12E-23F3-4937-99D7-6DB7DDF5D666}.Release|Any CPU.Build.0 = Release|Any CPU
		{06D5343E-2181-45B1-A101-16A974DBFF12}.Debug|Any CPU.ActiveCfg = Debug|Any CPU
		{06D5343E-2181-45B1-A101-16A974DBFF12}.Debug|Any CPU.Build.0 = Debug|Any CPU
		{06D5343E-2181-45B1-A101-16A974DBFF12}.Release|Any CPU.ActiveCfg = Release|Any CPU
		{06D5343E-2181-45B1-A101-16A974DBFF12}.Release|Any CPU.Build.0 = Release|Any CPU
		{7B8C20BF-371A-44DE-BACF-432797BB06DC}.Debug|Any CPU.ActiveCfg = Debug|Any CPU
		{7B8C20BF-371A-44DE-BACF-432797BB06DC}.Debug|Any CPU.Build.0 = Debug|Any CPU
		{7B8C20BF-371A-44DE-BACF-432797BB06DC}.Release|Any CPU.ActiveCfg = Release|Any CPU
		{7B8C20BF-371A-44DE-BACF-432797BB06DC}.Release|Any CPU.Build.0 = Release|Any CPU
		{ED2595C4-0C1D-41CE-97C2-6447ACCB768C}.Debug|Any CPU.ActiveCfg = Debug|Any CPU
		{ED2595C4-0C1D-41CE-97C2-6447ACCB768C}.Debug|Any CPU.Build.0 = Debug|Any CPU
		{ED2595C4-0C1D-41CE-97C2-6447ACCB768C}.Release|Any CPU.ActiveCfg = Release|Any CPU
		{ED2595C4-0C1D-41CE-97C2-6447ACCB768C}.Release|Any CPU.Build.0 = Release|Any CPU
		{0465E4FE-808C-47D9-84AE-534C8D9E3270}.Debug|Any CPU.ActiveCfg = Debug|Any CPU
		{0465E4FE-808C-47D9-84AE-534C8D9E3270}.Debug|Any CPU.Build.0 = Debug|Any CPU
		{0465E4FE-808C-47D9-84AE-534C8D9E3270}.Release|Any CPU.ActiveCfg = Release|Any CPU
		{0465E4FE-808C-47D9-84AE-534C8D9E3270}.Release|Any CPU.Build.0 = Release|Any CPU
		{C332FFA3-59C4-4FAA-97FA-27DFE2E1ECC6}.Debug|Any CPU.ActiveCfg = Debug|Any CPU
		{C332FFA3-59C4-4FAA-97FA-27DFE2E1ECC6}.Debug|Any CPU.Build.0 = Debug|Any CPU
		{C332FFA3-59C4-4FAA-97FA-27DFE2E1ECC6}.Release|Any CPU.ActiveCfg = Release|Any CPU
		{C332FFA3-59C4-4FAA-97FA-27DFE2E1ECC6}.Release|Any CPU.Build.0 = Release|Any CPU
		{557C21DA-B657-4E14-8925-4FD2C0BA1C71}.Debug|Any CPU.ActiveCfg = Debug|Any CPU
		{557C21DA-B657-4E14-8925-4FD2C0BA1C71}.Debug|Any CPU.Build.0 = Debug|Any CPU
		{557C21DA-B657-4E14-8925-4FD2C0BA1C71}.Release|Any CPU.ActiveCfg = Release|Any CPU
		{557C21DA-B657-4E14-8925-4FD2C0BA1C71}.Release|Any CPU.Build.0 = Release|Any CPU
		{1E3B8C6C-86A2-4527-B9EA-EBE3CDA81187}.Debug|Any CPU.ActiveCfg = Debug|Any CPU
		{1E3B8C6C-86A2-4527-B9EA-EBE3CDA81187}.Debug|Any CPU.Build.0 = Debug|Any CPU
		{1E3B8C6C-86A2-4527-B9EA-EBE3CDA81187}.Release|Any CPU.ActiveCfg = Release|Any CPU
		{1E3B8C6C-86A2-4527-B9EA-EBE3CDA81187}.Release|Any CPU.Build.0 = Release|Any CPU
		{F60D91E7-C89D-4979-A1A9-277A8BEBE580}.Debug|Any CPU.ActiveCfg = Debug|Any CPU
		{F60D91E7-C89D-4979-A1A9-277A8BEBE580}.Debug|Any CPU.Build.0 = Debug|Any CPU
		{F60D91E7-C89D-4979-A1A9-277A8BEBE580}.Release|Any CPU.ActiveCfg = Release|Any CPU
		{F60D91E7-C89D-4979-A1A9-277A8BEBE580}.Release|Any CPU.Build.0 = Release|Any CPU
	EndGlobalSection
	GlobalSection(SolutionProperties) = preSolution
		HideSolutionNode = FALSE
	EndGlobalSection
	GlobalSection(NestedProjects) = preSolution
		{FDDC2288-B5F1-4C04-A4AB-FC6AC094D970} = {E987450E-3C7A-4A53-98A7-3F2E844A5C67}
		{65B4134E-161E-41EB-B9CB-4CBFE94E6DF4} = {E987450E-3C7A-4A53-98A7-3F2E844A5C67}
		{2E50722D-A2D1-4053-95C1-B15E53AF7B7F} = {E987450E-3C7A-4A53-98A7-3F2E844A5C67}
		{79EE3564-6F7A-4C72-8960-B138A1C2DABC} = {E987450E-3C7A-4A53-98A7-3F2E844A5C67}
		{B49AAC66-F164-4A9F-B8F5-444EF6011EB4} = {E987450E-3C7A-4A53-98A7-3F2E844A5C67}
		{F691D293-C5BF-471A-8D84-954C658678EA} = {61B4162A-FF43-4D7A-8264-80EE0B3487A7}
		{FFA31B84-35D8-421A-9C53-2D1ADCA468CC} = {61B4162A-FF43-4D7A-8264-80EE0B3487A7}
		{1CB4DF48-3224-4448-8793-B48B31DF4C63} = {61B4162A-FF43-4D7A-8264-80EE0B3487A7}
		{8298D691-BB2E-4413-B7F6-1930A578981A} = {61B4162A-FF43-4D7A-8264-80EE0B3487A7}
		{633C1F53-4D9D-422E-BD3A-31DCF0F5DCCD} = {61B4162A-FF43-4D7A-8264-80EE0B3487A7}
		{F685C12E-23F3-4937-99D7-6DB7DDF5D666} = {74EC0E8A-9613-4833-AD0B-0EDAABC6C37B}
		{06D5343E-2181-45B1-A101-16A974DBFF12} = {74EC0E8A-9613-4833-AD0B-0EDAABC6C37B}
		{7B8C20BF-371A-44DE-BACF-432797BB06DC} = {74EC0E8A-9613-4833-AD0B-0EDAABC6C37B}
		{ED2595C4-0C1D-41CE-97C2-6447ACCB768C} = {74EC0E8A-9613-4833-AD0B-0EDAABC6C37B}
		{0465E4FE-808C-47D9-84AE-534C8D9E3270} = {6218EB0C-54FE-4DBD-96F4-180F2F74693D}
		{C332FFA3-59C4-4FAA-97FA-27DFE2E1ECC6} = {6218EB0C-54FE-4DBD-96F4-180F2F74693D}
		{557C21DA-B657-4E14-8925-4FD2C0BA1C71} = {6218EB0C-54FE-4DBD-96F4-180F2F74693D}
		{1E3B8C6C-86A2-4527-B9EA-EBE3CDA81187} = {6218EB0C-54FE-4DBD-96F4-180F2F74693D}
		{F60D91E7-C89D-4979-A1A9-277A8BEBE580} = {023AE5C2-4DFB-4474-BD48-B2B2389D0337}
	EndGlobalSection
	GlobalSection(ExtensibilityGlobals) = postSolution
		SolutionGuid = {8211F095-505D-41E5-A294-31F82AAC9D0E}
	EndGlobalSection
EndGlobal
